# This is a Gradle generated file for dependency locking.
# Manual edits can break the build and are not advised.
# This file is expected to be part of source control.
# To regenerate this file, run: ./gradlew :engine:dependencies --write-locks
ch.qos.logback:logback-classic:1.6.0=compileClasspath,compileProtoPath,mainPmdAuxClasspath,runtimeClasspath,testCompileClasspath,testCompileProtoPath,testPmdAuxClasspath,testRuntimeClasspath
ch.qos.logback:logback-core:1.6.0=compileClasspath,compileProtoPath,mainPmdAuxClasspath,runtimeClasspath,testCompileClasspath,testCompileProtoPath,testPmdAuxClasspath,testRuntimeClasspath
com.android.support:support-annotations:28.0.0=annotationProcessor,compileProtoPath,mainPmdAuxClasspath,runtimeClasspath,testCompileProtoPath,testPmdAuxClasspath,testRuntimeClasspath
com.esotericsoftware:reflectasm:1.11.9=compileClasspath,compileProtoPath,mainPmdAuxClasspath,runtimeClasspath,testCompileClasspath,testCompileProtoPath,testPmdAuxClasspath,testRuntimeClasspath
com.fasterxml.jackson.core:jackson-annotations:2.15.2=compileClasspath,compileProtoPath,mainPmdAuxClasspath,runtimeClasspath,testCompileClasspath,testCompileProtoPath,testPmdAuxClasspath,testRuntimeClasspath
com.fasterxml.jackson.core:jackson-core:2.15.2=compileClasspath,compileProtoPath,mainPmdAuxClasspath,runtimeClasspath,testCompileClasspath,testCompileProtoPath,testPmdAuxClasspath,testRuntimeClasspath
com.fasterxml.jackson.core:jackson-databind:2.15.2=compileClasspath,compileProtoPath,mainPmdAuxClasspath,runtimeClasspath,testCompileClasspath,testCompileProtoPath,testPmdAuxClasspath,testRuntimeClasspath
com.fasterxml.jackson:jackson-bom:2.15.2=compileClasspath,compileProtoPath,mainPmdAuxClasspath,runtimeClasspath,testCompileClasspath,testCompileProtoPath,testPmdAuxClasspath,testRuntimeClasspath
com.github.oowekyala.ooxml:nice-xml-messages:3.1=pmd
com.github.spotbugs:spotbugs-annotations:4.8.1=compileClasspath,compileProtoPath,mainPmdAuxClasspath,spotbugs,testCompileClasspath,testCompileProtoPath,testPmdAuxClasspath,testRuntimeClasspath
com.github.spotbugs:spotbugs:4.8.1=spotbugs
com.github.stephenc.jcip:jcip-annotations:1.0-1=spotbugs
com.github.zafarkhaja:java-semver:0.10.2=annotationProcessor,compileClasspath,compileProtoPath,mainPmdAuxClasspath,runtimeClasspath,testCompileClasspath,testCompileProtoPath,testPmdAuxClasspath,testRuntimeClasspath
com.google.auto.value:auto-value-annotations:1.8.1=testCompileClasspath,testCompileProtoPath,testPmdAuxClasspath,testRuntimeClasspath
com.google.code.findbugs:jsr305:3.0.2=annotationProcessor,checkstyle,compileClasspath,compileProtoPath,mainPmdAuxClasspath,runtimeClasspath,spotbugs,testCompileClasspath,testCompileProtoPath,testPmdAuxClasspath,testRuntimeClasspath
com.google.code.gson:gson:2.10.1=spotbugs
com.google.code.gson:gson:2.8.5=annotationProcessor
com.google.code.gson:gson:2.8.6=compileClasspath,compileProtoPath,mainPmdAuxClasspath,runtimeClasspath,testCompileClasspath,testCompileProtoPath,testPmdAuxClasspath,testRuntimeClasspath
com.google.code.gson:gson:2.8.9=pmd
com.google.errorprone:error_prone_annotations:2.11.0=checkstyle,compileClasspath,compileProtoPath,mainPmdAuxClasspath,runtimeClasspath,testCompileClasspath,testCompileProtoPath,testPmdAuxClasspath,testRuntimeClasspath
com.google.errorprone:error_prone_annotations:2.2.0=annotationProcessor
com.google.guava:failureaccess:1.0.1=annotationProcessor,checkstyle,compileClasspath,compileProtoPath,mainPmdAuxClasspath,runtimeClasspath,testCompileClasspath,testCompileProtoPath,testPmdAuxClasspath,testRuntimeClasspath
com.google.guava:guava:27.0.1-android=annotationProcessor
com.google.guava:guava:31.1-jre=checkstyle,compileClasspath,compileProtoPath,mainPmdAuxClasspath,runtimeClasspath,testCompileClasspath,testCompileProtoPath,testPmdAuxClasspath,testRuntimeClasspath
com.google.guava:listenablefuture:9999.0-empty-to-avoid-conflict-with-guava=annotationProcessor,checkstyle,compileClasspath,compileProtoPath,mainPmdAuxClasspath,runtimeClasspath,testCompileClasspath,testCompileProtoPath,testPmdAuxClasspath,testRuntimeClasspath
com.google.j2objc:j2objc-annotations:1.1=annotationProcessor
com.google.j2objc:j2objc-annotations:1.3=checkstyle,compileClasspath,compileProtoPath,mainPmdAuxClasspath,runtimeClasspath,testCompileClasspath,testCompileProtoPath,testPmdAuxClasspath,testRuntimeClasspath
com.google.protobuf:protobuf-java:3.22.5=compileClasspath,compileProtoPath,mainPmdAuxClasspath,runtimeClasspath,testCompileClasspath,testCompileProtoPath,testPmdAuxClasspath,testRuntimeClasspath
com.google.protobuf:protoc:3.22.5=protobufToolsLocator_protoc
com.google.truth.extensions:truth-java8-extension:1.1.3=testCompileClasspath,testCompileProtoPath,testPmdAuxClasspath,testRuntimeClasspath
com.google.truth:truth:1.1.3=testCompileClasspath,testCompileProtoPath,testPmdAuxClasspath,testRuntimeClasspath
com.googlecode.gentyref:gentyref:1.2.0=annotationProcessor,compileProtoPath,mainPmdAuxClasspath,runtimeClasspath,testCompileProtoPath,testPmdAuxClasspath,testRuntimeClasspath
com.miglayout:miglayout-core:5.0=compileClasspath,compileProtoPath,mainPmdAuxClasspath,runtimeClasspath,testCompileClasspath,testCompileProtoPath,testPmdAuxClasspath,testRuntimeClasspath
com.projectdarkstar.ext.jorbis:jorbis:0.0.17=compileClasspath,compileProtoPath,mainPmdAuxClasspath,runtimeClasspath,testCompileClasspath,testCompileProtoPath,testPmdAuxClasspath,testRuntimeClasspath
com.puppycrawl.tools:checkstyle:10.2=checkstyle
com.snowplowanalytics:snowplow-java-tracker:0.12.1=compileClasspath,compileProtoPath,mainPmdAuxClasspath,runtimeClasspath,testCompileClasspath,testCompileProtoPath,testPmdAuxClasspath,testRuntimeClasspath
com.squareup:javapoet:1.13.0=annotationProcessor
commons-beanutils:commons-beanutils:1.9.4=checkstyle
commons-codec:commons-codec:1.11=checkstyle
commons-codec:commons-codec:1.15=compileClasspath,compileProtoPath,mainPmdAuxClasspath,runtimeClasspath,spotbugs,testCompileClasspath,testCompileProtoPath,testPmdAuxClasspath,testRuntimeClasspath
commons-collections:commons-collections:3.2.2=checkstyle
commons-logging:commons-logging:1.2=annotationProcessor,compileClasspath,compileProtoPath,mainPmdAuxClasspath,runtimeClasspath,testCompileClasspath,testCompileProtoPath,testPmdAuxClasspath,testRuntimeClasspath
commons-net:commons-net:3.6=compileClasspath,compileProtoPath,mainPmdAuxClasspath,runtimeClasspath,testCompileClasspath,testCompileProtoPath,testPmdAuxClasspath,testRuntimeClasspath
de.matthiasmann.twl:PNGDecoder:1111=compileClasspath,compileProtoPath,mainPmdAuxClasspath,runtimeClasspath,testCompileClasspath,testCompileProtoPath,testPmdAuxClasspath,testRuntimeClasspath
ec.util:MersenneTwister:20=compileClasspath,compileProtoPath,mainPmdAuxClasspath,runtimeClasspath,testCompileClasspath,testCompileProtoPath,testPmdAuxClasspath,testRuntimeClasspath
info.picocli:picocli:4.6.3=checkstyle
io.dropwizard.metrics:metrics-core:4.2.19=compileClasspath,compileProtoPath,mainPmdAuxClasspath,runtimeClasspath,testCompileClasspath,testCompileProtoPath,testPmdAuxClasspath,testRuntimeClasspath
io.dropwizard.metrics:metrics-jmx:4.2.19=compileClasspath,compileProtoPath,mainPmdAuxClasspath,runtimeClasspath,testCompileClasspath,testCompileProtoPath,testPmdAuxClasspath,testRuntimeClasspath
io.micrometer:micrometer-core:1.9.12=compileClasspath,compileProtoPath,mainPmdAuxClasspath,runtimeClasspath,testCompileClasspath,testCompileProtoPath,testPmdAuxClasspath,testRuntimeClasspath
io.micrometer:micrometer-registry-jmx:1.9.12=compileClasspath,compileProtoPath,mainPmdAuxClasspath,runtimeClasspath,testCompileClasspath,testCompileProtoPath,testPmdAuxClasspath,testRuntimeClasspath
io.netty:netty-all:4.1.77.Final=compileClasspath,compileProtoPath,mainPmdAuxClasspath,runtimeClasspath,testCompileClasspath,testCompileProtoPath,testPmdAuxClasspath,testRuntimeClasspath
io.netty:netty-buffer:4.1.77.Final=compileClasspath,compileProtoPath,mainPmdAuxClasspath,runtimeClasspath,testCompileClasspath,testCompileProtoPath,testPmdAuxClasspath,testRuntimeClasspath
io.netty:netty-codec-dns:4.1.77.Final=compileClasspath,compileProtoPath,mainPmdAuxClasspath,runtimeClasspath,testCompileClasspath,testCompileProtoPath,testPmdAuxClasspath,testRuntimeClasspath
io.netty:netty-codec-haproxy:4.1.77.Final=compileClasspath,compileProtoPath,mainPmdAuxClasspath,runtimeClasspath,testCompileClasspath,testCompileProtoPath,testPmdAuxClasspath,testRuntimeClasspath
io.netty:netty-codec-http2:4.1.77.Final=compileClasspath,compileProtoPath,mainPmdAuxClasspath,runtimeClasspath,testCompileClasspath,testCompileProtoPath,testPmdAuxClasspath,testRuntimeClasspath
io.netty:netty-codec-http:4.1.77.Final=compileClasspath,compileProtoPath,mainPmdAuxClasspath,runtimeClasspath,testCompileClasspath,testCompileProtoPath,testPmdAuxClasspath,testRuntimeClasspath
io.netty:netty-codec-memcache:4.1.77.Final=compileClasspath,compileProtoPath,mainPmdAuxClasspath,runtimeClasspath,testCompileClasspath,testCompileProtoPath,testPmdAuxClasspath,testRuntimeClasspath
io.netty:netty-codec-mqtt:4.1.77.Final=compileClasspath,compileProtoPath,mainPmdAuxClasspath,runtimeClasspath,testCompileClasspath,testCompileProtoPath,testPmdAuxClasspath,testRuntimeClasspath
io.netty:netty-codec-redis:4.1.77.Final=compileClasspath,compileProtoPath,mainPmdAuxClasspath,runtimeClasspath,testCompileClasspath,testCompileProtoPath,testPmdAuxClasspath,testRuntimeClasspath
io.netty:netty-codec-smtp:4.1.77.Final=compileClasspath,compileProtoPath,mainPmdAuxClasspath,runtimeClasspath,testCompileClasspath,testCompileProtoPath,testPmdAuxClasspath,testRuntimeClasspath
io.netty:netty-codec-socks:4.1.77.Final=compileClasspath,compileProtoPath,mainPmdAuxClasspath,runtimeClasspath,testCompileClasspath,testCompileProtoPath,testPmdAuxClasspath,testRuntimeClasspath
io.netty:netty-codec-stomp:4.1.77.Final=compileClasspath,compileProtoPath,mainPmdAuxClasspath,runtimeClasspath,testCompileClasspath,testCompileProtoPath,testPmdAuxClasspath,testRuntimeClasspath
io.netty:netty-codec-xml:4.1.77.Final=compileClasspath,compileProtoPath,mainPmdAuxClasspath,runtimeClasspath,testCompileClasspath,testCompileProtoPath,testPmdAuxClasspath,testRuntimeClasspath
io.netty:netty-codec:4.1.77.Final=compileClasspath,compileProtoPath,mainPmdAuxClasspath,runtimeClasspath,testCompileClasspath,testCompileProtoPath,testPmdAuxClasspath,testRuntimeClasspath
io.netty:netty-common:4.1.77.Final=compileClasspath,compileProtoPath,mainPmdAuxClasspath,runtimeClasspath,testCompileClasspath,testCompileProtoPath,testPmdAuxClasspath,testRuntimeClasspath
io.netty:netty-handler-proxy:4.1.77.Final=compileClasspath,compileProtoPath,mainPmdAuxClasspath,runtimeClasspath,testCompileClasspath,testCompileProtoPath,testPmdAuxClasspath,testRuntimeClasspath
io.netty:netty-handler:4.1.77.Final=compileClasspath,compileProtoPath,mainPmdAuxClasspath,runtimeClasspath,testCompileClasspath,testCompileProtoPath,testPmdAuxClasspath,testRuntimeClasspath
io.netty:netty-resolver-dns-classes-macos:4.1.77.Final=compileClasspath,compileProtoPath,mainPmdAuxClasspath,runtimeClasspath,testCompileClasspath,testCompileProtoPath,testPmdAuxClasspath,testRuntimeClasspath
io.netty:netty-resolver-dns-native-macos:4.1.77.Final=compileClasspath,compileProtoPath,mainPmdAuxClasspath,runtimeClasspath,testCompileClasspath,testCompileProtoPath,testPmdAuxClasspath,testRuntimeClasspath
io.netty:netty-resolver-dns:4.1.77.Final=compileClasspath,compileProtoPath,mainPmdAuxClasspath,runtimeClasspath,testCompileClasspath,testCompileProtoPath,testPmdAuxClasspath,testRuntimeClasspath
io.netty:netty-resolver:4.1.77.Final=compileClasspath,compileProtoPath,mainPmdAuxClasspath,runtimeClasspath,testCompileClasspath,testCompileProtoPath,testPmdAuxClasspath,testRuntimeClasspath
io.netty:netty-transport-classes-epoll:4.1.77.Final=compileClasspath,compileProtoPath,mainPmdAuxClasspath,runtimeClasspath,testCompileClasspath,testCompileProtoPath,testPmdAuxClasspath,testRuntimeClasspath
io.netty:netty-transport-classes-kqueue:4.1.77.Final=compileClasspath,compileProtoPath,mainPmdAuxClasspath,runtimeClasspath,testCompileClasspath,testCompileProtoPath,testPmdAuxClasspath,testRuntimeClasspath
io.netty:netty-transport-native-epoll:4.1.77.Final=compileClasspath,compileProtoPath,mainPmdAuxClasspath,runtimeClasspath,testCompileClasspath,testCompileProtoPath,testPmdAuxClasspath,testRuntimeClasspath
io.netty:netty-transport-native-kqueue:4.1.77.Final=compileProtoPath,mainPmdAuxClasspath,runtimeClasspath,testCompileProtoPath,testPmdAuxClasspath,testRuntimeClasspath
io.netty:netty-transport-native-unix-common:4.1.77.Final=compileClasspath,compileProtoPath,mainPmdAuxClasspath,runtimeClasspath,testCompileClasspath,testCompileProtoPath,testPmdAuxClasspath,testRuntimeClasspath
io.netty:netty-transport-rxtx:4.1.77.Final=compileClasspath,compileProtoPath,mainPmdAuxClasspath,runtimeClasspath,testCompileClasspath,testCompileProtoPath,testPmdAuxClasspath,testRuntimeClasspath
io.netty:netty-transport-sctp:4.1.77.Final=compileClasspath,compileProtoPath,mainPmdAuxClasspath,runtimeClasspath,testCompileClasspath,testCompileProtoPath,testPmdAuxClasspath,testRuntimeClasspath
io.netty:netty-transport-udt:4.1.77.Final=compileClasspath,compileProtoPath,mainPmdAuxClasspath,runtimeClasspath,testCompileClasspath,testCompileProtoPath,testPmdAuxClasspath,testRuntimeClasspath
io.netty:netty-transport:4.1.77.Final=compileClasspath,compileProtoPath,mainPmdAuxClasspath,runtimeClasspath,testCompileClasspath,testCompileProtoPath,testPmdAuxClasspath,testRuntimeClasspath
io.projectreactor.addons:reactor-extra:3.4.8=compileClasspath,compileProtoPath,mainPmdAuxClasspath,runtimeClasspath,testCompileClasspath,testCompileProtoPath,testPmdAuxClasspath,testRuntimeClasspath
io.projectreactor.netty:reactor-netty-core:1.0.19=compileClasspath,compileProtoPath,mainPmdAuxClasspath,runtimeClasspath,testCompileClasspath,testCompileProtoPath,testPmdAuxClasspath,testRuntimeClasspath
io.projectreactor:reactor-core:3.4.18=compileClasspath,compileProtoPath,mainPmdAuxClasspath,runtimeClasspath,testCompileClasspath,testCompileProtoPath,testPmdAuxClasspath,testRuntimeClasspath
io.projectreactor:reactor-test:3.4.14=testCompileClasspath,testCompileProtoPath,testPmdAuxClasspath,testRuntimeClasspath
javax.annotation:javax.annotation-api:1.3.2=compileClasspath,compileProtoPath,mainPmdAuxClasspath,runtimeClasspath,testCompileClasspath,testCompileProtoPath,testPmdAuxClasspath,testRuntimeClasspath
javax.inject:javax.inject:1=annotationProcessor,compileClasspath,compileProtoPath,mainPmdAuxClasspath,runtimeClasspath,testCompileClasspath,testCompileProtoPath,testPmdAuxClasspath,testRuntimeClasspath
jaxen:jaxen:2.0.0=spotbugs
junit:junit:4.13.2=testCompileClasspath,testCompileProtoPath,testPmdAuxClasspath,testRuntimeClasspath
net.bytebuddy:byte-buddy-agent:1.18.11=testCompileClasspath,testCompileProtoPath,testPmdAuxClasspath,testRuntimeClasspath
net.bytebuddy:byte-buddy:1.18.11=testCompileClasspath,testCompileProtoPath,testPmdAuxClasspath,testRuntimeClasspath
net.java.dev.jna:jna-platform:5.6.0=compileClasspath,compileProtoPath,mainPmdAuxClasspath,runtimeClasspath,testCompileClasspath,testCompileProtoPath,testPmdAuxClasspath,testRuntimeClasspath
net.java.dev.jna:jna:5.6.0=compileClasspath,compileProtoPath,mainPmdAuxClasspath,runtimeClasspath,testCompileClasspath,testCompileProtoPath,testPmdAuxClasspath,testRuntimeClasspath
net.jcip:jcip-annotations:1.0=compileClasspath,compileProtoPath,mainPmdAuxClasspath,runtimeClasspath,testCompileClasspath,testCompileProtoPath,testPmdAuxClasspath,testRuntimeClasspath
net.logstash.logback:logstash-logback-encoder:7.4=compileClasspath,compileProtoPath,mainPmdAuxClasspath,runtimeClasspath,testCompileClasspath,testCompileProtoPath,testPmdAuxClasspath,testRuntimeClasspath
net.sf.jopt-simple:jopt-simple:4.6=jmhAnnotationProcessor,jmhCompileClasspath,jmhCompileProtoPath,jmhPmdAuxClasspath,jmhRuntimeClasspath
net.sf.saxon:Saxon-HE:10.7=pmd
net.sf.saxon:Saxon-HE:11.3=checkstyle
net.sf.saxon:Saxon-HE:12.3=spotbugs
net.sf.trove4j:trove4j:3.0.3=compileClasspath,compileProtoPath,mainPmdAuxClasspath,runtimeClasspath,testCompileClasspath,testCompileProtoPath,testPmdAuxClasspath,testRuntimeClasspath
net.sourceforge.pmd:pmd-ant:7.0.0-rc4=pmd
net.sourceforge.pmd:pmd-core:7.0.0-rc4=pmd
net.sourceforge.pmd:pmd-java:7.0.0-rc4=pmd
org.abego.treelayout:org.abego.treelayout.core:1.0.3=compileClasspath,compileProtoPath,mainPmdAuxClasspath,runtimeClasspath,testCompileClasspath,testCompileProtoPath,testPmdAuxClasspath,testRuntimeClasspath
org.antlr:antlr4-runtime:4.10.1=checkstyle
org.antlr:antlr4-runtime:4.9.1=pmd
org.apache.bcel:bcel:6.6.1=spotbugs
org.apache.commons:commons-lang3:3.13.0=spotbugs
org.apache.commons:commons-lang3:3.8.1=pmd
org.apache.commons:commons-math3:3.2=jmhAnnotationProcessor,jmhCompileClasspath,jmhCompileProtoPath,jmhPmdAuxClasspath,jmhRuntimeClasspath
org.apache.commons:commons-text:1.11.0=spotbugs
org.apache.commons:commons-vfs2:2.2=annotationProcessor,compileProtoPath,mainPmdAuxClasspath,runtimeClasspath,testCompileProtoPath,testPmdAuxClasspath,testRuntimeClasspath
org.apache.httpcomponents.client5:httpclient5:5.1.3=spotbugs
org.apache.httpcomponents.core5:httpcore5-h2:5.1.3=spotbugs
org.apache.httpcomponents.core5:httpcore5:5.1.3=spotbugs
org.apache.httpcomponents:httpclient:4.5.13=checkstyle,compileClasspath,compileProtoPath,mainPmdAuxClasspath,runtimeClasspath,testCompileClasspath,testCompileProtoPath,testPmdAuxClasspath,testRuntimeClasspath
org.apache.httpcomponents:httpcore:4.4.13=checkstyle,compileClasspath,compileProtoPath,mainPmdAuxClasspath,runtimeClasspath,testCompileClasspath,testCompileProtoPath,testPmdAuxClasspath,testRuntimeClasspath
org.apache.httpcomponents:httpmime:4.5.13=compileProtoPath,mainPmdAuxClasspath,runtimeClasspath,testCompileProtoPath,testPmdAuxClasspath,testRuntimeClasspath
org.apache.logging.log4j:log4j-api:2.21.1=spotbugs
org.apache.logging.log4j:log4j-core:2.21.1=spotbugs
org.apiguardian:apiguardian-api:1.1.2=testCompileClasspath
org.checkerframework:checker-compat-qual:2.5.2=annotationProcessor
org.checkerframework:checker-qual:2.5.2=pmd
org.checkerframework:checker-qual:3.12.0=checkstyle,compileClasspath,compileProtoPath,mainPmdAuxClasspath,runtimeClasspath
org.checkerframework:checker-qual:3.13.0=testCompileClasspath,testCompileProtoPath,testPmdAuxClasspath,testRuntimeClasspath
org.codehaus.mojo:animal-sniffer-annotations:1.17=annotationProcessor
org.codehaus.plexus:plexus-utils:3.0.16=compileClasspath,compileProtoPath,mainPmdAuxClasspath,runtimeClasspath,testCompileClasspath,testCompileProtoPath,testPmdAuxClasspath,testRuntimeClasspath
org.dom4j:dom4j:2.1.4=spotbugs
org.hamcrest:hamcrest-core:1.3=testCompileClasspath,testCompileProtoPath,testPmdAuxClasspath,testRuntimeClasspath
org.hdrhistogram:HdrHistogram:2.1.12=compileClasspath,compileProtoPath,mainPmdAuxClasspath,runtimeClasspath,testCompileClasspath,testCompileProtoPath,testPmdAuxClasspath,testRuntimeClasspath
org.javassist:javassist:3.21.0-GA=checkstyle,compileClasspath,testCompileClasspath
org.javassist:javassist:3.27.0-GA=compileProtoPath,mainPmdAuxClasspath,runtimeClasspath,testCompileProtoPath,testPmdAuxClasspath,testRuntimeClasspath
org.joml:joml:1.10.0=compileClasspath,compileProtoPath,mainPmdAuxClasspath,runtimeClasspath,testCompileClasspath,testCompileProtoPath,testPmdAuxClasspath,testRuntimeClasspath
org.junit.jupiter:junit-jupiter-api:5.10.1=testCompileClasspath,testCompileProtoPath,testPmdAuxClasspath,testRuntimeClasspath
org.junit.jupiter:junit-jupiter-engine:5.10.1=testRuntimeClasspath
org.junit.jupiter:junit-jupiter-params:5.10.1=testCompileClasspath,testCompileProtoPath,testPmdAuxClasspath,testRuntimeClasspath
org.junit.platform:junit-platform-commons:1.10.1=testCompileClasspath,testCompileProtoPath,testPmdAuxClasspath,testRuntimeClasspath
org.junit.platform:junit-platform-engine:1.10.1=testRuntimeClasspath
org.junit.platform:junit-platform-launcher:1.10.1=testRuntimeClasspath
org.junit:junit-bom:5.10.1=testCompileClasspath,testCompileProtoPath,testPmdAuxClasspath,testRuntimeClasspath
org.latencyutils:LatencyUtils:2.0.3=compileProtoPath,mainPmdAuxClasspath,runtimeClasspath,testCompileProtoPath,testPmdAuxClasspath,testRuntimeClasspath
org.lwjgl:lwjgl-assimp:3.3.3=compileClasspath,compileProtoPath,mainPmdAuxClasspath,runtimeClasspath,testCompileClasspath,testCompileProtoPath,testPmdAuxClasspath,testRuntimeClasspath
org.lwjgl:lwjgl-bom:3.3.3=compileClasspath,compileProtoPath,mainPmdAuxClasspath,runtimeClasspath,testCompileClasspath,testCompileProtoPath,testPmdAuxClasspath,testRuntimeClasspath
org.lwjgl:lwjgl-glfw:3.3.3=compileClasspath,compileProtoPath,mainPmdAuxClasspath,runtimeClasspath,testCompileClasspath,testCompileProtoPath,testPmdAuxClasspath,testRuntimeClasspath
org.lwjgl:lwjgl-openal:3.3.3=compileClasspath,compileProtoPath,mainPmdAuxClasspath,runtimeClasspath,testCompileClasspath,testCompileProtoPath,testPmdAuxClasspath,testRuntimeClasspath
org.lwjgl:lwjgl-opengl:3.3.3=compileClasspath,compileProtoPath,mainPmdAuxClasspath,runtimeClasspath,testCompileClasspath,testCompileProtoPath,testPmdAuxClasspath,testRuntimeClasspath
org.lwjgl:lwjgl-stb:3.3.3=compileClasspath,compileProtoPath,mainPmdAuxClasspath,runtimeClasspath,testCompileClasspath,testCompileProtoPath,testPmdAuxClasspath,testRuntimeClasspath
org.lwjgl:lwjgl:3.3.3=compileClasspath,compileProtoPath,mainPmdAuxClasspath,runtimeClasspath,testCompileClasspath,testCompileProtoPath,testPmdAuxClasspath,testRuntimeClasspath
org.lz4:lz4-java:1.8.0=compileClasspath,compileProtoPath,mainPmdAuxClasspath,runtimeClasspath,testCompileClasspath,testCompileProtoPath,testPmdAuxClasspath,testRuntimeClasspath
org.mockito:mockito-core:5.6.0=testCompileClasspath,testCompileProtoPath,testPmdAuxClasspath,testRuntimeClasspath
org.mockito:mockito-junit-jupiter:5.6.0=testCompileClasspath,testCompileProtoPath,testPmdAuxClasspath,testRuntimeClasspath
org.objenesis:objenesis:3.3=testCompileProtoPath,testPmdAuxClasspath,testRuntimeClasspath
org.openjdk.jmh:jmh-core:1.27=jmhAnnotationProcessor,jmhCompileClasspath,jmhCompileProtoPath,jmhPmdAuxClasspath,jmhRuntimeClasspath
org.openjdk.jmh:jmh-generator-annprocess:1.27=jmhAnnotationProcessor,jmhCompileClasspath,jmhCompileProtoPath,jmhPmdAuxClasspath,jmhRuntimeClasspath
org.opentest4j:opentest4j:1.3.0=testCompileClasspath,testCompileProtoPath,testPmdAuxClasspath,testRuntimeClasspath
org.ow2.asm:asm-analysis:9.6=spotbugs
org.ow2.asm:asm-commons:9.6=spotbugs
org.ow2.asm:asm-tree:9.6=spotbugs
org.ow2.asm:asm-util:9.6=spotbugs
org.ow2.asm:asm:9.1=testCompileClasspath,testCompileProtoPath,testPmdAuxClasspath,testRuntimeClasspath
org.ow2.asm:asm:9.5=pmd
org.ow2.asm:asm:9.6=spotbugs
org.pcollections:pcollections:3.1.3=pmd
org.reactivestreams:reactive-streams:1.0.3=compileClasspath,compileProtoPath,mainPmdAuxClasspath,runtimeClasspath,testCompileClasspath,testCompileProtoPath,testPmdAuxClasspath,testRuntimeClasspath
org.slf4j:jul-to-slf4j:1.7.36=pmd
org.slf4j:jul-to-slf4j:2.0.18=testRuntimeClasspath
org.slf4j:slf4j-api:1.7.25=annotationProcessor
org.slf4j:slf4j-api:2.0.0=spotbugsSlf4j
org.slf4j:slf4j-api:2.0.18=compileClasspath,compileProtoPath,mainPmdAuxClasspath,runtimeClasspath,testCompileClasspath,testCompileProtoPath,testPmdAuxClasspath,testRuntimeClasspath
org.slf4j:slf4j-api:2.0.9=spotbugs
org.slf4j:slf4j-simple:2.0.0=spotbugsSlf4j
org.terasology.crashreporter:cr-core:5.1.0=compileClasspath,compileProtoPath,mainPmdAuxClasspath,runtimeClasspath,testCompileClasspath,testCompileProtoPath,testPmdAuxClasspath,testRuntimeClasspath
org.terasology.crashreporter:cr-terasology:5.1.0=compileClasspath,compileProtoPath,mainPmdAuxClasspath,runtimeClasspath,testCompileClasspath,testCompileProtoPath,testPmdAuxClasspath,testRuntimeClasspath
org.terasology.gestalt:gestalt-asset-core:8.0.2-SNAPSHOT=compileClasspath,compileProtoPath,mainPmdAuxClasspath,runtimeClasspath,testCompileClasspath,testCompileProtoPath,testPmdAuxClasspath,testRuntimeClasspath
org.terasology.gestalt:gestalt-di:8.0.2-SNAPSHOT=compileClasspath,compileProtoPath,mainPmdAuxClasspath,runtimeClasspath,testCompileClasspath,testCompileProtoPath,testPmdAuxClasspath,testRuntimeClasspath
org.terasology.gestalt:gestalt-entity-system:8.0.2-SNAPSHOT=compileClasspath,compileProtoPath,mainPmdAuxClasspath,runtimeClasspath,testCompileClasspath,testCompileProtoPath,testPmdAuxClasspath,testRuntimeClasspath
org.terasology.gestalt:gestalt-inject-java:8.0.2-SNAPSHOT=annotationProcessor
org.terasology.gestalt:gestalt-inject:8.0.2-SNAPSHOT=annotationProcessor,compileClasspath,compileProtoPath,mainPmdAuxClasspath,runtimeClasspath,testCompileClasspath,testCompileProtoPath,testPmdAuxClasspath,testRuntimeClasspath
org.terasology.gestalt:gestalt-module:8.0.2-SNAPSHOT=compileClasspath,compileProtoPath,mainPmdAuxClasspath,runtimeClasspath,testCompileClasspath,testCompileProtoPath,testPmdAuxClasspath,testRuntimeClasspath
org.terasology.gestalt:gestalt-util:8.0.2-SNAPSHOT=annotationProcessor,compileClasspath,compileProtoPath,mainPmdAuxClasspath,runtimeClasspath,testCompileClasspath,testCompileProtoPath,testPmdAuxClasspath,testRuntimeClasspath
org.terasology.jnbullet:JNBullet:1.0.5-SNAPSHOT=compileClasspath,compileProtoPath,mainPmdAuxClasspath,runtimeClasspath,testCompileClasspath,testCompileProtoPath,testPmdAuxClasspath,testRuntimeClasspath
org.terasology.jnlua:JNLua:0.1.0-SNAPSHOT=compileClasspath,compileProtoPath,mainPmdAuxClasspath,runtimeClasspath,testCompileClasspath,testCompileProtoPath,testPmdAuxClasspath,testRuntimeClasspath
org.terasology.joml-ext:joml-geometry:0.1.0=compileClasspath,compileProtoPath,mainPmdAuxClasspath,runtimeClasspath,testCompileClasspath,testCompileProtoPath,testPmdAuxClasspath,testRuntimeClasspath
org.terasology.nui:nui-gestalt:4.0.0-SNAPSHOT=compileClasspath,compileProtoPath,mainPmdAuxClasspath,runtimeClasspath,testCompileClasspath,testCompileProtoPath,testPmdAuxClasspath,testRuntimeClasspath
org.terasology.nui:nui-input:4.0.0-SNAPSHOT=compileClasspath,compileProtoPath,mainPmdAuxClasspath,runtimeClasspath,testCompileClasspath,testCompileProtoPath,testPmdAuxClasspath,testRuntimeClasspath
org.terasology.nui:nui-reflect:4.0.0-SNAPSHOT=compileClasspath,compileProtoPath,mainPmdAuxClasspath,runtimeClasspath,testCompileClasspath,testCompileProtoPath,testPmdAuxClasspath,testRuntimeClasspath
org.terasology.nui:nui:4.0.0-SNAPSHOT=compileClasspath,compileProtoPath,mainPmdAuxClasspath,runtimeClasspath,testCompileClasspath,testCompileProtoPath,testPmdAuxClasspath,testRuntimeClasspath
org.terasology:TeraMath:1.5.0=compileClasspath,compileProtoPath,mainPmdAuxClasspath,runtimeClasspath,testCompileClasspath,testCompileProtoPath,testPmdAuxClasspath,testRuntimeClasspath
org.terasology:reflections:0.9.12-MB=checkstyle,compileClasspath,compileProtoPath,mainPmdAuxClasspath,runtimeClasspath,testCompileClasspath,testCompileProtoPath,testPmdAuxClasspath,testRuntimeClasspath
org.terasology:splash-screen:1.1.1=compileClasspath,compileProtoPath,mainPmdAuxClasspath,runtimeClasspath,testCompileClasspath,testCompileProtoPath,testPmdAuxClasspath,testRuntimeClasspath
org.xmlresolver:xmlresolver:4.2.0=checkstyle
org.xmlresolver:xmlresolver:5.2.0=spotbugs
org:jpastebin:1.0.1=compileProtoPath,mainPmdAuxClasspath,runtimeClasspath,testCompileProtoPath,testPmdAuxClasspath,testRuntimeClasspath
empty=jmhProtobuf,protobuf,spotbugsPlugins,testAnnotationProcessor,testProtobuf
