# This is a Gradle generated file for dependency locking.
# Manual edits can break the build and are not advised.
# This file is expected to be part of source control.
# To regenerate this file, run: ./gradlew :subsystems:TypeHandlerLibrary:dependencies --write-locks
ch.qos.logback:logback-classic:1.6.0=testRuntimeClasspath
ch.qos.logback:logback-core:1.6.0=testRuntimeClasspath
com.android.support:support-annotations:28.0.0=annotationProcessor,mainPmdAuxClasspath,runtimeClasspath,testPmdAuxClasspath,testRuntimeClasspath
com.github.oowekyala.ooxml:nice-xml-messages:3.1=pmd
com.github.spotbugs:spotbugs-annotations:4.8.1=compileClasspath,mainPmdAuxClasspath,spotbugs,testCompileClasspath,testPmdAuxClasspath,testRuntimeClasspath
com.github.spotbugs:spotbugs:4.8.1=spotbugs
com.github.stephenc.jcip:jcip-annotations:1.0-1=spotbugs
com.github.zafarkhaja:java-semver:0.10.2=annotationProcessor,mainPmdAuxClasspath,runtimeClasspath,testPmdAuxClasspath,testRuntimeClasspath
com.google.auto.value:auto-value-annotations:1.8.1=testCompileClasspath,testPmdAuxClasspath,testRuntimeClasspath
com.google.code.findbugs:annotations:2.0.1=mainPmdAuxClasspath,runtimeClasspath,testPmdAuxClasspath,testRuntimeClasspath
com.google.code.findbugs:jsr305:3.0.2=annotationProcessor,checkstyle,compileClasspath,mainPmdAuxClasspath,runtimeClasspath,spotbugs,testCompileClasspath,testPmdAuxClasspath,testRuntimeClasspath
com.google.code.gson:gson:2.10.1=spotbugs
com.google.code.gson:gson:2.8.5=annotationProcessor,mainPmdAuxClasspath,runtimeClasspath,testPmdAuxClasspath,testRuntimeClasspath
com.google.code.gson:gson:2.8.9=pmd
com.google.errorprone:error_prone_annotations:2.11.0=checkstyle
com.google.errorprone:error_prone_annotations:2.2.0=annotationProcessor,mainPmdAuxClasspath,runtimeClasspath
com.google.errorprone:error_prone_annotations:2.7.1=testCompileClasspath,testPmdAuxClasspath,testRuntimeClasspath
com.google.guava:failureaccess:1.0.1=annotationProcessor,checkstyle,mainPmdAuxClasspath,runtimeClasspath,testCompileClasspath,testPmdAuxClasspath,testRuntimeClasspath
com.google.guava:guava:20.0=compileClasspath
com.google.guava:guava:27.0.1-android=annotationProcessor,mainPmdAuxClasspath,runtimeClasspath
com.google.guava:guava:30.1.1-android=testCompileClasspath,testPmdAuxClasspath,testRuntimeClasspath
com.google.guava:guava:31.1-jre=checkstyle
com.google.guava:listenablefuture:9999.0-empty-to-avoid-conflict-with-guava=annotationProcessor,checkstyle,mainPmdAuxClasspath,runtimeClasspath,testCompileClasspath,testPmdAuxClasspath,testRuntimeClasspath
com.google.j2objc:j2objc-annotations:1.1=annotationProcessor,mainPmdAuxClasspath,runtimeClasspath
com.google.j2objc:j2objc-annotations:1.3=checkstyle,testCompileClasspath,testPmdAuxClasspath,testRuntimeClasspath
com.google.truth.extensions:truth-java8-extension:1.1.3=testCompileClasspath,testPmdAuxClasspath,testRuntimeClasspath
com.google.truth:truth:1.1.3=testCompileClasspath,testPmdAuxClasspath,testRuntimeClasspath
com.googlecode.gentyref:gentyref:1.2.0=annotationProcessor,mainPmdAuxClasspath,runtimeClasspath,testPmdAuxClasspath,testRuntimeClasspath
com.puppycrawl.tools:checkstyle:10.2=checkstyle
com.squareup:javapoet:1.13.0=annotationProcessor
commons-beanutils:commons-beanutils:1.9.4=checkstyle
commons-codec:commons-codec:1.11=checkstyle
commons-codec:commons-codec:1.15=spotbugs
commons-collections:commons-collections:3.2.2=checkstyle
commons-logging:commons-logging:1.2=annotationProcessor,mainPmdAuxClasspath,runtimeClasspath,testPmdAuxClasspath,testRuntimeClasspath
info.picocli:picocli:4.6.3=checkstyle
io.projectreactor:reactor-core:3.4.14=testCompileClasspath,testPmdAuxClasspath,testRuntimeClasspath
io.projectreactor:reactor-test:3.4.14=testCompileClasspath,testPmdAuxClasspath,testRuntimeClasspath
javax.inject:javax.inject:1=annotationProcessor,compileClasspath,mainPmdAuxClasspath,runtimeClasspath,testCompileClasspath,testPmdAuxClasspath,testRuntimeClasspath
jaxen:jaxen:2.0.0=spotbugs
junit:junit:4.13.2=testCompileClasspath,testPmdAuxClasspath,testRuntimeClasspath
net.bytebuddy:byte-buddy-agent:1.18.11=testCompileClasspath,testPmdAuxClasspath,testRuntimeClasspath
net.bytebuddy:byte-buddy:1.18.11=testCompileClasspath,testPmdAuxClasspath,testRuntimeClasspath
net.jcip:jcip-annotations:1.0=compileClasspath,mainPmdAuxClasspath,runtimeClasspath,testCompileClasspath,testPmdAuxClasspath,testRuntimeClasspath
net.sf.saxon:Saxon-HE:10.7=pmd
net.sf.saxon:Saxon-HE:11.3=checkstyle
net.sf.saxon:Saxon-HE:12.3=spotbugs
net.sf.trove4j:trove4j:3.0.3=compileClasspath,mainPmdAuxClasspath,runtimeClasspath,testCompileClasspath,testPmdAuxClasspath,testRuntimeClasspath
net.sourceforge.pmd:pmd-ant:7.0.0-rc4=pmd
net.sourceforge.pmd:pmd-core:7.0.0-rc4=pmd
net.sourceforge.pmd:pmd-java:7.0.0-rc4=pmd
org.antlr:antlr4-runtime:4.10.1=checkstyle
org.antlr:antlr4-runtime:4.9.1=pmd
org.apache.bcel:bcel:6.6.1=spotbugs
org.apache.commons:commons-lang3:3.13.0=spotbugs
org.apache.commons:commons-lang3:3.8.1=pmd
org.apache.commons:commons-text:1.11.0=spotbugs
org.apache.commons:commons-vfs2:2.2=annotationProcessor,mainPmdAuxClasspath,runtimeClasspath,testPmdAuxClasspath,testRuntimeClasspath
org.apache.httpcomponents.client5:httpclient5:5.1.3=spotbugs
org.apache.httpcomponents.core5:httpcore5-h2:5.1.3=spotbugs
org.apache.httpcomponents.core5:httpcore5:5.1.3=spotbugs
org.apache.httpcomponents:httpclient:4.5.13=checkstyle
org.apache.httpcomponents:httpcore:4.4.13=checkstyle
org.apache.logging.log4j:log4j-api:2.21.1=spotbugs
org.apache.logging.log4j:log4j-core:2.21.1=spotbugs
org.apiguardian:apiguardian-api:1.1.2=testCompileClasspath
org.checkerframework:checker-compat-qual:2.5.2=annotationProcessor,mainPmdAuxClasspath,runtimeClasspath
org.checkerframework:checker-compat-qual:2.5.5=testCompileClasspath,testPmdAuxClasspath,testRuntimeClasspath
org.checkerframework:checker-qual:2.5.2=pmd
org.checkerframework:checker-qual:3.12.0=checkstyle
org.checkerframework:checker-qual:3.13.0=testCompileClasspath,testPmdAuxClasspath,testRuntimeClasspath
org.codehaus.mojo:animal-sniffer-annotations:1.17=annotationProcessor,mainPmdAuxClasspath,runtimeClasspath
org.dom4j:dom4j:2.1.4=spotbugs
org.hamcrest:hamcrest-core:1.3=testCompileClasspath,testPmdAuxClasspath,testRuntimeClasspath
org.javassist:javassist:3.21.0-GA=compileClasspath,testCompileClasspath
org.javassist:javassist:3.27.0-GA=mainPmdAuxClasspath,runtimeClasspath,testPmdAuxClasspath,testRuntimeClasspath
org.javassist:javassist:3.28.0-GA=checkstyle
org.joml:joml:1.10.0=compileClasspath,mainPmdAuxClasspath,runtimeClasspath,testCompileClasspath,testPmdAuxClasspath,testRuntimeClasspath
org.junit.jupiter:junit-jupiter-api:5.10.1=testCompileClasspath,testPmdAuxClasspath,testRuntimeClasspath
org.junit.jupiter:junit-jupiter-engine:5.10.1=testRuntimeClasspath
org.junit.jupiter:junit-jupiter-params:5.10.1=testCompileClasspath,testPmdAuxClasspath,testRuntimeClasspath
org.junit.platform:junit-platform-commons:1.10.1=testCompileClasspath,testPmdAuxClasspath,testRuntimeClasspath
org.junit.platform:junit-platform-engine:1.10.1=testRuntimeClasspath
org.junit.platform:junit-platform-launcher:1.10.1=testRuntimeClasspath
org.junit:junit-bom:5.10.1=testCompileClasspath,testPmdAuxClasspath,testRuntimeClasspath
org.mockito:mockito-core:5.6.0=testCompileClasspath,testPmdAuxClasspath,testRuntimeClasspath
org.mockito:mockito-inline:3.12.4=testCompileClasspath,testPmdAuxClasspath,testRuntimeClasspath
org.mockito:mockito-junit-jupiter:5.6.0=testCompileClasspath,testPmdAuxClasspath,testRuntimeClasspath
org.objenesis:objenesis:3.3=testPmdAuxClasspath,testRuntimeClasspath
org.opentest4j:opentest4j:1.3.0=testCompileClasspath,testPmdAuxClasspath,testRuntimeClasspath
org.ow2.asm:asm-analysis:9.6=spotbugs
org.ow2.asm:asm-commons:9.6=spotbugs
org.ow2.asm:asm-tree:9.6=spotbugs
org.ow2.asm:asm-util:9.6=spotbugs
org.ow2.asm:asm:9.1=testCompileClasspath,testPmdAuxClasspath,testRuntimeClasspath
org.ow2.asm:asm:9.5=pmd
org.ow2.asm:asm:9.6=spotbugs
org.pcollections:pcollections:3.1.3=pmd
org.reactivestreams:reactive-streams:1.0.3=testCompileClasspath,testPmdAuxClasspath,testRuntimeClasspath
org.reflections:reflections:0.10.2=checkstyle
org.reflections:reflections:0.9.10=mainPmdAuxClasspath,runtimeClasspath,testPmdAuxClasspath,testRuntimeClasspath
org.slf4j:jul-to-slf4j:1.7.36=pmd
org.slf4j:jul-to-slf4j:2.0.18=testRuntimeClasspath
org.slf4j:slf4j-api:1.7.25=annotationProcessor
org.slf4j:slf4j-api:2.0.0=spotbugsSlf4j
org.slf4j:slf4j-api:2.0.18=compileClasspath,mainPmdAuxClasspath,runtimeClasspath,testCompileClasspath,testPmdAuxClasspath,testRuntimeClasspath
org.slf4j:slf4j-api:2.0.9=spotbugs
org.slf4j:slf4j-simple:2.0.0=spotbugsSlf4j
org.slf4j:slf4j-simple:2.0.18=testRuntimeClasspath
org.terasology.joml-ext:joml-geometry:0.1.0=compileClasspath,mainPmdAuxClasspath,runtimeClasspath,testCompileClasspath,testPmdAuxClasspath,testRuntimeClasspath
org.terasology:reflections:0.9.12-MB=compileClasspath,mainPmdAuxClasspath,runtimeClasspath,testCompileClasspath,testPmdAuxClasspath,testRuntimeClasspath
org.xmlresolver:xmlresolver:4.2.0=checkstyle
org.xmlresolver:xmlresolver:5.2.0=spotbugs
empty=spotbugsPlugins,testAnnotationProcessor
